
Microsoft Visual Studio Solution File, Format Version 12.00
# Visual Studio Version 16
VisualStudioVersion = 16.0.30413.136
MinimumVisualStudioVersion = 10.0.40219.1
Project("{FAE04EC0-301F-11D3-BF4B-00C04F79EFBC}") = "W12Git", "W12Git\W12Git.csproj", "{2EFBE5FF-55E4-4B90-901C-F2BF8F115EBF}"
EndProject
Global
	GlobalSection(SolutionConfigurationPlatforms) = preSolution
		Debug|Any CPU = Debug|Any CPU
		Release|Any CPU = Release|Any CPU
	EndGlobalSection
	GlobalSection(ProjectConfigurationPlatforms) = postSolution
		{2EFBE5FF-55E4-4B90-901C-F2BF8F115EBF}.Debug|Any CPU.ActiveCfg = Debug|Any CPU
		{2EFBE5FF-55E4-4B90-901C-F2BF8F115EBF}.Debug|Any CPU.Build.0 = Debug|Any CPU
		{2EFBE5FF-55E4-4B90-901C-F2BF8F115EBF}.Release|Any CPU.ActiveCfg = Release|Any CPU
		{2EFBE5FF-55E4-4B90-901C-F2BF8F115EBF}.Release|Any CPU.Build.0 = Release|Any CPU
	EndGlobalSection
	GlobalSection(SolutionProperties) = preSolution
		HideSolutionNode = FALSE
	EndGlobalSection
	GlobalSection(ExtensibilityGlobals) = postSolution
		SolutionGuid = {2F009693-5C6F-4BD5-BB37-C1706428A5DE}
	EndGlobalSection
EndGlobal
